
Microsoft Visual Studio Solution File, Format Version 12.00
# Visual Studio 15
VisualStudioVersion = 15.0.27428.2037
MinimumVisualStudioVersion = 10.0.40219.1
Project("{FAE04EC0-301F-11D3-BF4B-00C04F79EFBC}") = "ImageProcAhmetCAN", "ImageProcAhmetCAN\ImageProcAhmetCAN.csproj", "{71B9EE84-E437-4F64-8C38-419077BCFE1B}"
EndProject
Global
	GlobalSection(SolutionConfigurationPlatforms) = preSolution
		Debug|Any CPU = Debug|Any CPU
		Release|Any CPU = Release|Any CPU
	EndGlobalSection
	GlobalSection(ProjectConfigurationPlatforms) = postSolution
		{71B9EE84-E437-4F64-8C38-419077BCFE1B}.Debug|Any CPU.ActiveCfg = Debug|Any CPU
		{71B9EE84-E437-4F64-8C38-419077BCFE1B}.Debug|Any CPU.Build.0 = Debug|Any CPU
		{71B9EE84-E437-4F64-8C38-419077BCFE1B}.Release|Any CPU.ActiveCfg = Release|Any CPU
		{71B9EE84-E437-4F64-8C38-419077BCFE1B}.Release|Any CPU.Build.0 = Release|Any CPU
	EndGlobalSection
	GlobalSection(SolutionProperties) = preSolution
		HideSolutionNode = FALSE
	EndGlobalSection
	GlobalSection(ExtensibilityGlobals) = postSolution
		SolutionGuid = {EE1D4128-F11B-42D5-85D9-CED6313359E5}
	EndGlobalSection
EndGlobal
